// !$*UTF8*$!
{
	archiveVersion = 1;
	classes = {
	};
	objectVersion = 46;
	objects = {

/* Begin PBXBuildFile section */
		041F21791EE6ED0D002CE54D /* main.m in Sources */ = {isa = PBXBuildFile; fileRef = 041F21781EE6ED0D002CE54D /* main.m */; };
		041F217C1EE6ED0D002CE54D /* AppDelegate.m in Sources */ = {isa = PBXBuildFile; fileRef = 041F217B1EE6ED0D002CE54D /* AppDelegate.m */; };
		041F217F1EE6ED0D002CE54D /* ViewController.m in Sources */ = {isa = PBXBuildFile; fileRef = 041F217E1EE6ED0D002CE54D /* ViewController.m */; };
		041F21821EE6ED0D002CE54D /* Main.storyboard in Resources */ = {isa = PBXBuildFile; fileRef = 041F21801EE6ED0D002CE54D /* Main.storyboard */; };
		041F21841EE6ED0D002CE54D /* Assets.xcassets in Resources */ = {isa = PBXBuildFile; fileRef = 041F21831EE6ED0D002CE54D /* Assets.xcassets */; };
		041F21871EE6ED0D002CE54D /* LaunchScreen.storyboard in Resources */ = {isa = PBXBuildFile; fileRef = 041F21851EE6ED0D002CE54D /* LaunchScreen.storyboard */; };
		041F21901EE6ED98002CE54D /* scanlens.txt in Resources */ = {isa = PBXBuildFile; fileRef = 041F218F1EE6ED98002CE54D /* scanlens.txt */; };
		041F21981EE80FD5002CE54D /* AlgorithmTests.m in Sources */ = {isa = PBXBuildFile; fileRef = 041F21971EE80FD5002CE54D /* AlgorithmTests.m */; };
		041F21A01EE8100E002CE54D /* ScanLensTest.m in Sources */ = {isa = PBXBuildFile; fileRef = 041F219F1EE8100E002CE54D /* ScanLensTest.m */; };
		042F95E41FB185A2007E88AA /* MyQLPreviewController.m in Sources */ = {isa = PBXBuildFile; fileRef = 042F95E31FB185A2007E88AA /* MyQLPreviewController.m */; };
		042F95E71FB185D2007E88AA /* QuickLook.framework in Frameworks */ = {isa = PBXBuildFile; fileRef = 042F95E61FB185C9007E88AA /* QuickLook.framework */; };
		042F95E91FB18698007E88AA /* test.pdf in Resources */ = {isa = PBXBuildFile; fileRef = 042F95E81FB18698007E88AA /* test.pdf */; };
		044239271FE0BB7800DCCF99 /* UIViewController+A.m in Sources */ = {isa = PBXBuildFile; fileRef = 044239251FDFDBCC00DCCF99 /* UIViewController+A.m */; };
		044D1F6D20B3D6C7008ED45B /* SuperClass.m in Sources */ = {isa = PBXBuildFile; fileRef = 044D1F6C20B3D6C7008ED45B /* SuperClass.m */; };
		044D1F7020B3D6E1008ED45B /* SubClass.m in Sources */ = {isa = PBXBuildFile; fileRef = 044D1F6F20B3D6E1008ED45B /* SubClass.m */; };
		044D1F7320B3D705008ED45B /* FinalClass.m in Sources */ = {isa = PBXBuildFile; fileRef = 044D1F7220B3D705008ED45B /* FinalClass.m */; };
		044D1F7420B3D9D8008ED45B /* ViewController+B.m in Sources */ = {isa = PBXBuildFile; fileRef = 04214B9E1FDFD932009C5892 /* ViewController+B.m */; };
		044D1F7520B3DA1B008ED45B /* ViewController+A.m in Sources */ = {isa = PBXBuildFile; fileRef = 04214B9C1FDFD87F009C5892 /* ViewController+A.m */; };
		044D1F7820B3DBF0008ED45B /* SuperClass+Category.m in Sources */ = {isa = PBXBuildFile; fileRef = 044D1F7720B3DBF0008ED45B /* SuperClass+Category.m */; };
		044D1F7B20B3DC70008ED45B /* SubClass+Category.m in Sources */ = {isa = PBXBuildFile; fileRef = 044D1F7A20B3DC70008ED45B /* SubClass+Category.m */; };
		049AFEEC1F95D444004B0A09 /* StraightInsertionSortTest.m in Sources */ = {isa = PBXBuildFile; fileRef = 049AFEEB1F95D444004B0A09 /* StraightInsertionSortTest.m */; };
		04AD24591F3AADB200E5BBB2 /* SwiftTestClass.swift in Sources */ = {isa = PBXBuildFile; fileRef = 04AD24581F3AADB200E5BBB2 /* SwiftTestClass.swift */; };
		04AD245B1F3AB03900E5BBB2 /* SwiftTestViewController.swift in Sources */ = {isa = PBXBuildFile; fileRef = 04AD245A1F3AB03900E5BBB2 /* SwiftTestViewController.swift */; };
		04B4447B203EC7BF0096570A /* QuickSortTest.m in Sources */ = {isa = PBXBuildFile; fileRef = 04B4447A203EC7BF0096570A /* QuickSortTest.m */; };
		04E586741F467C79004C0E67 /* RuntimeTestViewController.swift in Sources */ = {isa = PBXBuildFile; fileRef = 04E586731F467C79004C0E67 /* RuntimeTestViewController.swift */; };
		04E586761F467C9D004C0E67 /* RuntimeClass.swift in Sources */ = {isa = PBXBuildFile; fileRef = 04E586751F467C9D004C0E67 /* RuntimeClass.swift */; };
/* End PBXBuildFile section */

/* Begin PBXContainerItemProxy section */
		041F219A1EE80FD5002CE54D /* PBXContainerItemProxy */ = {
			isa = PBXContainerItemProxy;
			containerPortal = 041F216C1EE6ED0C002CE54D /* Project object */;
			proxyType = 1;
			remoteGlobalIDString = 041F21731EE6ED0D002CE54D;
			remoteInfo = AlgorithmTest;
		};
/* End PBXContainerItemProxy section */

/* Begin PBXFileReference section */
		0417B49620C8F2C80039FB1A /* MyPlayground.playground */ = {isa = PBXFileReference; lastKnownFileType = file.playground; path = MyPlayground.playground; sourceTree = "<group>"; xcLanguageSpecificationIdentifier = xcode.lang.swift; };
		041F21741EE6ED0D002CE54D /* AlgorithmTest.app */ = {isa = PBXFileReference; explicitFileType = wrapper.application; includeInIndex = 0; path = AlgorithmTest.app; sourceTree = BUILT_PRODUCTS_DIR; };
		041F21781EE6ED0D002CE54D /* main.m */ = {isa = PBXFileReference; lastKnownFileType = sourcecode.c.objc; path = main.m; sourceTree = "<group>"; };
		041F217A1EE6ED0D002CE54D /* AppDelegate.h */ = {isa = PBXFileReference; lastKnownFileType = sourcecode.c.h; path = AppDelegate.h; sourceTree = "<group>"; };
		041F217B1EE6ED0D002CE54D /* AppDelegate.m */ = {isa = PBXFileReference; lastKnownFileType = sourcecode.c.objc; path = AppDelegate.m; sourceTree = "<group>"; };
		041F217D1EE6ED0D002CE54D /* ViewController.h */ = {isa = PBXFileReference; lastKnownFileType = sourcecode.c.h; path = ViewController.h; sourceTree = "<group>"; };
		041F217E1EE6ED0D002CE54D /* ViewController.m */ = {isa = PBXFileReference; lastKnownFileType = sourcecode.c.objc; path = ViewController.m; sourceTree = "<group>"; };
		041F21811EE6ED0D002CE54D /* Base */ = {isa = PBXFileReference; lastKnownFileType = file.storyboard; name = Base; path = Base.lproj/Main.storyboard; sourceTree = "<group>"; };
		041F21831EE6ED0D002CE54D /* Assets.xcassets */ = {isa = PBXFileReference; lastKnownFileType = folder.assetcatalog; path = Assets.xcassets; sourceTree = "<group>"; };
		041F21861EE6ED0D002CE54D /* Base */ = {isa = PBXFileReference; lastKnownFileType = file.storyboard; name = Base; path = Base.lproj/LaunchScreen.storyboard; sourceTree = "<group>"; };
		041F21881EE6ED0D002CE54D /* Info.plist */ = {isa = PBXFileReference; lastKnownFileType = text.plist.xml; path = Info.plist; sourceTree = "<group>"; };
		041F218F1EE6ED98002CE54D /* scanlens.txt */ = {isa = PBXFileReference; fileEncoding = 4; lastKnownFileType = text; path = scanlens.txt; sourceTree = "<group>"; };
		041F21951EE80FD5002CE54D /* AlgorithmTests.xctest */ = {isa = PBXFileReference; explicitFileType = wrapper.cfbundle; includeInIndex = 0; path = AlgorithmTests.xctest; sourceTree = BUILT_PRODUCTS_DIR; };
		041F21971EE80FD5002CE54D /* AlgorithmTests.m */ = {isa = PBXFileReference; lastKnownFileType = sourcecode.c.objc; path = AlgorithmTests.m; sourceTree = "<group>"; };
		041F21991EE80FD5002CE54D /* Info.plist */ = {isa = PBXFileReference; lastKnownFileType = text.plist.xml; path = Info.plist; sourceTree = "<group>"; };
		041F219F1EE8100E002CE54D /* ScanLensTest.m */ = {isa = PBXFileReference; fileEncoding = 4; lastKnownFileType = sourcecode.c.objc; path = ScanLensTest.m; sourceTree = "<group>"; };
		04214B9B1FDFD87F009C5892 /* ViewController+A.h */ = {isa = PBXFileReference; lastKnownFileType = sourcecode.c.h; path = "ViewController+A.h"; sourceTree = "<group>"; };
		04214B9C1FDFD87F009C5892 /* ViewController+A.m */ = {isa = PBXFileReference; lastKnownFileType = sourcecode.c.objc; path = "ViewController+A.m"; sourceTree = "<group>"; };
		04214B9E1FDFD932009C5892 /* ViewController+B.m */ = {isa = PBXFileReference; fileEncoding = 4; lastKnownFileType = sourcecode.c.objc; path = "ViewController+B.m"; sourceTree = "<group>"; };
		04214B9F1FDFD932009C5892 /* ViewController+B.h */ = {isa = PBXFileReference; fileEncoding = 4; lastKnownFileType = sourcecode.c.h; path = "ViewController+B.h"; sourceTree = "<group>"; };
		042F95E21FB185A2007E88AA /* MyQLPreviewController.h */ = {isa = PBXFileReference; lastKnownFileType = sourcecode.c.h; name = MyQLPreviewController.h; path = AlgorithmTest/MyQLPreviewController.h; sourceTree = SOURCE_ROOT; };
		042F95E31FB185A2007E88AA /* MyQLPreviewController.m */ = {isa = PBXFileReference; lastKnownFileType = sourcecode.c.objc; name = MyQLPreviewController.m; path = AlgorithmTest/MyQLPreviewController.m; sourceTree = SOURCE_ROOT; };
		042F95E61FB185C9007E88AA /* QuickLook.framework */ = {isa = PBXFileReference; lastKnownFileType = wrapper.framework; name = QuickLook.framework; path = System/Library/Frameworks/QuickLook.framework; sourceTree = SDKROOT; };
		042F95E81FB18698007E88AA /* test.pdf */ = {isa = PBXFileReference; lastKnownFileType = image.pdf; path = test.pdf; sourceTree = "<group>"; };
		044239241FDFDBCB00DCCF99 /* UIViewController+A.h */ = {isa = PBXFileReference; fileEncoding = 4; lastKnownFileType = sourcecode.c.h; path = "UIViewController+A.h"; sourceTree = "<group>"; };
		044239251FDFDBCC00DCCF99 /* UIViewController+A.m */ = {isa = PBXFileReference; fileEncoding = 4; lastKnownFileType = sourcecode.c.objc; path = "UIViewController+A.m"; sourceTree = "<group>"; };
		044D1F6B20B3D6C7008ED45B /* SuperClass.h */ = {isa = PBXFileReference; lastKnownFileType = sourcecode.c.h; path = SuperClass.h; sourceTree = "<group>"; };
		044D1F6C20B3D6C7008ED45B /* SuperClass.m */ = {isa = PBXFileReference; lastKnownFileType = sourcecode.c.objc; path = SuperClass.m; sourceTree = "<group>"; };
		044D1F6E20B3D6E1008ED45B /* SubClass.h */ = {isa = PBXFileReference; lastKnownFileType = sourcecode.c.h; path = SubClass.h; sourceTree = "<group>"; };
		044D1F6F20B3D6E1008ED45B /* SubClass.m */ = {isa = PBXFileReference; lastKnownFileType = sourcecode.c.objc; path = SubClass.m; sourceTree = "<group>"; };
		044D1F7120B3D705008ED45B /* FinalClass.h */ = {isa = PBXFileReference; lastKnownFileType = sourcecode.c.h; path = FinalClass.h; sourceTree = "<group>"; };
		044D1F7220B3D705008ED45B /* FinalClass.m */ = {isa = PBXFileReference; lastKnownFileType = sourcecode.c.objc; path = FinalClass.m; sourceTree = "<group>"; };
		044D1F7620B3DBF0008ED45B /* SuperClass+Category.h */ = {isa = PBXFileReference; lastKnownFileType = sourcecode.c.h; path = "SuperClass+Category.h"; sourceTree = "<group>"; };
		044D1F7720B3DBF0008ED45B /* SuperClass+Category.m */ = {isa = PBXFileReference; lastKnownFileType = sourcecode.c.objc; path = "SuperClass+Category.m"; sourceTree = "<group>"; };
		044D1F7920B3DC70008ED45B /* SubClass+Category.h */ = {isa = PBXFileReference; lastKnownFileType = sourcecode.c.h; path = "SubClass+Category.h"; sourceTree = "<group>"; };
		044D1F7A20B3DC70008ED45B /* SubClass+Category.m */ = {isa = PBXFileReference; lastKnownFileType = sourcecode.c.objc; path = "SubClass+Category.m"; sourceTree = "<group>"; };
		049AFEEB1F95D444004B0A09 /* StraightInsertionSortTest.m */ = {isa = PBXFileReference; fileEncoding = 4; lastKnownFileType = sourcecode.c.objc; path = StraightInsertionSortTest.m; sourceTree = "<group>"; };
		04AD24571F3AADB100E5BBB2 /* AlgorithmTest-Bridging-Header.h */ = {isa = PBXFileReference; lastKnownFileType = sourcecode.c.h; path = "AlgorithmTest-Bridging-Header.h"; sourceTree = "<group>"; };
		04AD24581F3AADB200E5BBB2 /* SwiftTestClass.swift */ = {isa = PBXFileReference; fileEncoding = 4; lastKnownFileType = sourcecode.swift; path = SwiftTestClass.swift; sourceTree = "<group>"; };
		04AD245A1F3AB03900E5BBB2 /* SwiftTestViewController.swift */ = {isa = PBXFileReference; fileEncoding = 4; lastKnownFileType = sourcecode.swift; path = SwiftTestViewController.swift; sourceTree = "<group>"; };
		04B4447A203EC7BF0096570A /* QuickSortTest.m */ = {isa = PBXFileReference; lastKnownFileType = sourcecode.c.objc; path = QuickSortTest.m; sourceTree = "<group>"; };
		04E586731F467C79004C0E67 /* RuntimeTestViewController.swift */ = {isa = PBXFileReference; lastKnownFileType = sourcecode.swift; path = RuntimeTestViewController.swift; sourceTree = "<group>"; };
		04E586751F467C9D004C0E67 /* RuntimeClass.swift */ = {isa = PBXFileReference; lastKnownFileType = sourcecode.swift; path = RuntimeClass.swift; sourceTree = "<group>"; };
/* End PBXFileReference section */

/* Begin PBXFrameworksBuildPhase section */
		041F21711EE6ED0D002CE54D /* Frameworks */ = {
			isa = PBXFrameworksBuildPhase;
			buildActionMask = 2147483647;
			files = (
				042F95E71FB185D2007E88AA /* QuickLook.framework in Frameworks */,
			);
			runOnlyForDeploymentPostprocessing = 0;
		};
		041F21921EE80FD5002CE54D /* Frameworks */ = {
			isa = PBXFrameworksBuildPhase;
			buildActionMask = 2147483647;
			files = (
			);
			runOnlyForDeploymentPostprocessing = 0;
		};
/* End PBXFrameworksBuildPhase section */

/* Begin PBXGroup section */
		041F216B1EE6ED0C002CE54D = {
			isa = PBXGroup;
			children = (
				0417B49620C8F2C80039FB1A /* MyPlayground.playground */,
				041F21761EE6ED0D002CE54D /* AlgorithmTest */,
				041F21961EE80FD5002CE54D /* AlgorithmTests */,
				041F21751EE6ED0D002CE54D /* Products */,
				042F95E51FB185C8007E88AA /* Frameworks */,
			);
			sourceTree = "<group>";
		};
		041F21751EE6ED0D002CE54D /* Products */ = {
			isa = PBXGroup;
			children = (
				041F21741EE6ED0D002CE54D /* AlgorithmTest.app */,
				041F21951EE80FD5002CE54D /* AlgorithmTests.xctest */,
			);
			name = Products;
			sourceTree = "<group>";
		};
		041F21761EE6ED0D002CE54D /* AlgorithmTest */ = {
			isa = PBXGroup;
			children = (
				04AD24561F3AAD2400E5BBB2 /* TestClass */,
				041F218E1EE6ED8E002CE54D /* Resource */,
				041F217A1EE6ED0D002CE54D /* AppDelegate.h */,
				041F217B1EE6ED0D002CE54D /* AppDelegate.m */,
				044D1F6B20B3D6C7008ED45B /* SuperClass.h */,
				044D1F6C20B3D6C7008ED45B /* SuperClass.m */,
				044D1F7620B3DBF0008ED45B /* SuperClass+Category.h */,
				044D1F7720B3DBF0008ED45B /* SuperClass+Category.m */,
				044D1F6E20B3D6E1008ED45B /* SubClass.h */,
				044D1F6F20B3D6E1008ED45B /* SubClass.m */,
				044D1F7920B3DC70008ED45B /* SubClass+Category.h */,
				044D1F7120B3D705008ED45B /* FinalClass.h */,
				044D1F7A20B3DC70008ED45B /* SubClass+Category.m */,
				044D1F7220B3D705008ED45B /* FinalClass.m */,
				042F95E21FB185A2007E88AA /* MyQLPreviewController.h */,
				042F95E31FB185A2007E88AA /* MyQLPreviewController.m */,
				044239241FDFDBCB00DCCF99 /* UIViewController+A.h */,
				044239251FDFDBCC00DCCF99 /* UIViewController+A.m */,
				041F217D1EE6ED0D002CE54D /* ViewController.h */,
				041F217E1EE6ED0D002CE54D /* ViewController.m */,
				04214B9B1FDFD87F009C5892 /* ViewController+A.h */,
				04214B9C1FDFD87F009C5892 /* ViewController+A.m */,
				04214B9F1FDFD932009C5892 /* ViewController+B.h */,
				04214B9E1FDFD932009C5892 /* ViewController+B.m */,
				041F21801EE6ED0D002CE54D /* Main.storyboard */,
				041F21831EE6ED0D002CE54D /* Assets.xcassets */,
				041F21851EE6ED0D002CE54D /* LaunchScreen.storyboard */,
				041F21881EE6ED0D002CE54D /* Info.plist */,
				041F21771EE6ED0D002CE54D /* Supporting Files */,
				04E586731F467C79004C0E67 /* RuntimeTestViewController.swift */,
			);
			path = AlgorithmTest;
			sourceTree = "<group>";
		};
		041F21771EE6ED0D002CE54D /* Supporting Files */ = {
			isa = PBXGroup;
			children = (
				041F21781EE6ED0D002CE54D /* main.m */,
			);
			name = "Supporting Files";
			sourceTree = "<group>";
		};
		041F218E1EE6ED8E002CE54D /* Resource */ = {
			isa = PBXGroup;
			children = (
				042F95E81FB18698007E88AA /* test.pdf */,
				041F218F1EE6ED98002CE54D /* scanlens.txt */,
			);
			path = Resource;
			sourceTree = "<group>";
		};
		041F21961EE80FD5002CE54D /* AlgorithmTests */ = {
			isa = PBXGroup;
			children = (
				041F21971EE80FD5002CE54D /* AlgorithmTests.m */,
				049AFEEB1F95D444004B0A09 /* StraightInsertionSortTest.m */,
				04B4447A203EC7BF0096570A /* QuickSortTest.m */,
				041F219F1EE8100E002CE54D /* ScanLensTest.m */,
				041F21991EE80FD5002CE54D /* Info.plist */,
			);
			path = AlgorithmTests;
			sourceTree = "<group>";
		};
		042F95E51FB185C8007E88AA /* Frameworks */ = {
			isa = PBXGroup;
			children = (
				042F95E61FB185C9007E88AA /* QuickLook.framework */,
			);
			name = Frameworks;
			sourceTree = "<group>";
		};
		04AD24561F3AAD2400E5BBB2 /* TestClass */ = {
			isa = PBXGroup;
			children = (
				04AD24581F3AADB200E5BBB2 /* SwiftTestClass.swift */,
				04AD24571F3AADB100E5BBB2 /* AlgorithmTest-Bridging-Header.h */,
				04AD245A1F3AB03900E5BBB2 /* SwiftTestViewController.swift */,
				04E586751F467C9D004C0E67 /* RuntimeClass.swift */,
			);
			name = TestClass;
			sourceTree = "<group>";
		};
/* End PBXGroup section */

/* Begin PBXNativeTarget section */
		041F21731EE6ED0D002CE54D /* AlgorithmTest */ = {
			isa = PBXNativeTarget;
			buildConfigurationList = 041F218B1EE6ED0D002CE54D /* Build configuration list for PBXNativeTarget "AlgorithmTest" */;
			buildPhases = (
				041F21701EE6ED0D002CE54D /* Sources */,
				041F21711EE6ED0D002CE54D /* Frameworks */,
				041F21721EE6ED0D002CE54D /* Resources */,
			);
			buildRules = (
			);
			dependencies = (
			);
			name = AlgorithmTest;
			productName = AlgorithmTest;
			productReference = 041F21741EE6ED0D002CE54D /* AlgorithmTest.app */;
			productType = "com.apple.product-type.application";
		};
		041F21941EE80FD5002CE54D /* AlgorithmTests */ = {
			isa = PBXNativeTarget;
			buildConfigurationList = 041F219E1EE80FD5002CE54D /* Build configuration list for PBXNativeTarget "AlgorithmTests" */;
			buildPhases = (
				041F21911EE80FD5002CE54D /* Sources */,
				041F21921EE80FD5002CE54D /* Frameworks */,
				041F21931EE80FD5002CE54D /* Resources */,
			);
			buildRules = (
			);
			dependencies = (
				041F219B1EE80FD5002CE54D /* PBXTargetDependency */,
			);
			name = AlgorithmTests;
			productName = AlgorithmTests;
			productReference = 041F21951EE80FD5002CE54D /* AlgorithmTests.xctest */;
			productType = "com.apple.product-type.bundle.unit-test";
		};
/* End PBXNativeTarget section */

/* Begin PBXProject section */
		041F216C1EE6ED0C002CE54D /* Project object */ = {
			isa = PBXProject;
			attributes = {
				LastUpgradeCheck = 0820;
				ORGANIZATIONNAME = Jack;
				TargetAttributes = {
					041F21731EE6ED0D002CE54D = {
						CreatedOnToolsVersion = 8.2.1;
						DevelopmentTeam = LCJ4B5EHS7;
						LastSwiftMigration = 0820;
						ProvisioningStyle = Automatic;
					};
					041F21941EE80FD5002CE54D = {
						CreatedOnToolsVersion = 8.2.1;
						DevelopmentTeam = LCJ4B5EHS7;
						ProvisioningStyle = Automatic;
						TestTargetID = 041F21731EE6ED0D002CE54D;
					};
				};
			};
			buildConfigurationList = 041F216F1EE6ED0C002CE54D /* Build configuration list for PBXProject "AlgorithmTest" */;
			compatibilityVersion = "Xcode 3.2";
			developmentRegion = English;
			hasScannedForEncodings = 0;
			knownRegions = (
				en,
				Base,
			);
			mainGroup = 041F216B1EE6ED0C002CE54D;
			productRefGroup = 041F21751EE6ED0D002CE54D /* Products */;
			projectDirPath = "";
			projectRoot = "";
			targets = (
				041F21731EE6ED0D002CE54D /* AlgorithmTest */,
				041F21941EE80FD5002CE54D /* AlgorithmTests */,
			);
		};
/* End PBXProject section */

/* Begin PBXResourcesBuildPhase section */
		041F21721EE6ED0D002CE54D /* Resources */ = {
			isa = PBXResourcesBuildPhase;
			buildActionMask = 2147483647;
			files = (
				041F21871EE6ED0D002CE54D /* LaunchScreen.storyboard in Resources */,
				041F21901EE6ED98002CE54D /* scanlens.txt in Resources */,
				041F21841EE6ED0D002CE54D /* Assets.xcassets in Resources */,
				041F21821EE6ED0D002CE54D /* Main.storyboard in Resources */,
				042F95E91FB18698007E88AA /* test.pdf in Resources */,
			);
			runOnlyForDeploymentPostprocessing = 0;
		};
		041F21931EE80FD5002CE54D /* Resources */ = {
			isa = PBXResourcesBuildPhase;
			buildActionMask = 2147483647;
			files = (
			);
			runOnlyForDeploymentPostprocessing = 0;
		};
/* End PBXResourcesBuildPhase section */

/* Begin PBXSourcesBuildPhase section */
		041F21701EE6ED0D002CE54D /* Sources */ = {
			isa = PBXSourcesBuildPhase;
			buildActionMask = 2147483647;
			files = (
				041F217F1EE6ED0D002CE54D /* ViewController.m in Sources */,
				04E586741F467C79004C0E67 /* RuntimeTestViewController.swift in Sources */,
				04AD245B1F3AB03900E5BBB2 /* SwiftTestViewController.swift in Sources */,
				042F95E41FB185A2007E88AA /* MyQLPreviewController.m in Sources */,
				044D1F7520B3DA1B008ED45B /* ViewController+A.m in Sources */,
				044D1F7420B3D9D8008ED45B /* ViewController+B.m in Sources */,
				044D1F7820B3DBF0008ED45B /* SuperClass+Category.m in Sources */,
				044239271FE0BB7800DCCF99 /* UIViewController+A.m in Sources */,
				044D1F7320B3D705008ED45B /* FinalClass.m in Sources */,
				044D1F7B20B3DC70008ED45B /* SubClass+Category.m in Sources */,
				044D1F6D20B3D6C7008ED45B /* SuperClass.m in Sources */,
				044D1F7020B3D6E1008ED45B /* SubClass.m in Sources */,
				041F217C1EE6ED0D002CE54D /* AppDelegate.m in Sources */,
				04AD24591F3AADB200E5BBB2 /* SwiftTestClass.swift in Sources */,
				04E586761F467C9D004C0E67 /* RuntimeClass.swift in Sources */,
				041F21791EE6ED0D002CE54D /* main.m in Sources */,
			);
			runOnlyForDeploymentPostprocessing = 0;
		};
		041F21911EE80FD5002CE54D /* Sources */ = {
			isa = PBXSourcesBuildPhase;
			buildActionMask = 2147483647;
			files = (
				041F21A01EE8100E002CE54D /* ScanLensTest.m in Sources */,
				049AFEEC1F95D444004B0A09 /* StraightInsertionSortTest.m in Sources */,
				041F21981EE80FD5002CE54D /* AlgorithmTests.m in Sources */,
				04B4447B203EC7BF0096570A /* QuickSortTest.m in Sources */,
			);
			runOnlyForDeploymentPostprocessing = 0;
		};
/* End PBXSourcesBuildPhase section */

/* Begin PBXTargetDependency section */
		041F219B1EE80FD5002CE54D /* PBXTargetDependency */ = {
			isa = PBXTargetDependency;
			target = 041F21731EE6ED0D002CE54D /* AlgorithmTest */;
			targetProxy = 041F219A1EE80FD5002CE54D /* PBXContainerItemProxy */;
		};
/* End PBXTargetDependency section */

/* Begin PBXVariantGroup section */
		041F21801EE6ED0D002CE54D /* Main.storyboard */ = {
			isa = PBXVariantGroup;
			children = (
				041F21811EE6ED0D002CE54D /* Base */,
			);
			name = Main.storyboard;
			sourceTree = "<group>";
		};
		041F21851EE6ED0D002CE54D /* LaunchScreen.storyboard */ = {
			isa = PBXVariantGroup;
			children = (
				041F21861EE6ED0D002CE54D /* Base */,
			);
			name = LaunchScreen.storyboard;
			sourceTree = "<group>";
		};
/* End PBXVariantGroup section */

/* Begin XCBuildConfiguration section */
		041F21891EE6ED0D002CE54D /* Debug */ = {
			isa = XCBuildConfiguration;
			buildSettings = {
				ALWAYS_SEARCH_USER_PATHS = NO;
				CLANG_ANALYZER_NONNULL = YES;
				CLANG_CXX_LANGUAGE_STANDARD = "gnu++0x";
				CLANG_CXX_LIBRARY = "libc++";
				CLANG_ENABLE_MODULES = YES;
				CLANG_ENABLE_OBJC_ARC = YES;
				CLANG_WARN_BOOL_CONVERSION = YES;
				CLANG_WARN_CONSTANT_CONVERSION = YES;
				CLANG_WARN_DIRECT_OBJC_ISA_USAGE = YES_ERROR;
				CLANG_WARN_DOCUMENTATION_COMMENTS = YES;
				CLANG_WARN_EMPTY_BODY = YES;
				CLANG_WARN_ENUM_CONVERSION = YES;
				CLANG_WARN_INFINITE_RECURSION = YES;
				CLANG_WARN_INT_CONVERSION = YES;
				CLANG_WARN_OBJC_ROOT_CLASS = YES_ERROR;
				CLANG_WARN_SUSPICIOUS_MOVE = YES;
				CLANG_WARN_UNREACHABLE_CODE = YES;
				CLANG_WARN__DUPLICATE_METHOD_MATCH = YES;
				"CODE_SIGN_IDENTITY[sdk=iphoneos*]" = "iPhone Developer";
				COPY_PHASE_STRIP = NO;
				DEBUG_INFORMATION_FORMAT = dwarf;
				ENABLE_STRICT_OBJC_MSGSEND = YES;
				ENABLE_TESTABILITY = YES;
				GCC_C_LANGUAGE_STANDARD = gnu99;
				GCC_DYNAMIC_NO_PIC = NO;
				GCC_NO_COMMON_BLOCKS = YES;
				GCC_OPTIMIZATION_LEVEL = 0;
				GCC_PREPROCESSOR_DEFINITIONS = (
					"DEBUG=1",
					"$(inherited)",
				);
				GCC_WARN_64_TO_32_BIT_CONVERSION = YES;
				GCC_WARN_ABOUT_RETURN_TYPE = YES_ERROR;
				GCC_WARN_UNDECLARED_SELECTOR = YES;
				GCC_WARN_UNINITIALIZED_AUTOS = YES_AGGRESSIVE;
				GCC_WARN_UNUSED_FUNCTION = YES;
				GCC_WARN_UNUSED_VARIABLE = YES;
				IPHONEOS_DEPLOYMENT_TARGET = 10.2;
				MTL_ENABLE_DEBUG_INFO = YES;
				ONLY_ACTIVE_ARCH = YES;
				SDKROOT = iphoneos;
				TARGETED_DEVICE_FAMILY = "1,2";
			};
			name = Debug;
		};
		041F218A1EE6ED0D002CE54D /* Release */ = {
			isa = XCBuildConfiguration;
			buildSettings = {
				ALWAYS_SEARCH_USER_PATHS = NO;
				CLANG_ANALYZER_NONNULL = YES;
				CLANG_CXX_LANGUAGE_STANDARD = "gnu++0x";
				CLANG_CXX_LIBRARY = "libc++";
				CLANG_ENABLE_MODULES = YES;
				CLANG_ENABLE_OBJC_ARC = YES;
				CLANG_WARN_BOOL_CONVERSION = YES;
				CLANG_WARN_CONSTANT_CONVERSION = YES;
				CLANG_WARN_DIRECT_OBJC_ISA_USAGE = YES_ERROR;
				CLANG_WARN_DOCUMENTATION_COMMENTS = YES;
				CLANG_WARN_EMPTY_BODY = YES;
				CLANG_WARN_ENUM_CONVERSION = YES;
				CLANG_WARN_INFINITE_RECURSION = YES;
				CLANG_WARN_INT_CONVERSION = YES;
				CLANG_WARN_OBJC_ROOT_CLASS = YES_ERROR;
				CLANG_WARN_SUSPICIOUS_MOVE = YES;
				CLANG_WARN_UNREACHABLE_CODE = YES;
				CLANG_WARN__DUPLICATE_METHOD_MATCH = YES;
				"CODE_SIGN_IDENTITY[sdk=iphoneos*]" = "iPhone Developer";
				COPY_PHASE_STRIP = NO;
				DEBUG_INFORMATION_FORMAT = "dwarf-with-dsym";
				ENABLE_NS_ASSERTIONS = NO;
				ENABLE_STRICT_OBJC_MSGSEND = YES;
				GCC_C_LANGUAGE_STANDARD = gnu99;
				GCC_NO_COMMON_BLOCKS = YES;
				GCC_WARN_64_TO_32_BIT_CONVERSION = YES;
				GCC_WARN_ABOUT_RETURN_TYPE = YES_ERROR;
				GCC_WARN_UNDECLARED_SELECTOR = YES;
				GCC_WARN_UNINITIALIZED_AUTOS = YES_AGGRESSIVE;
				GCC_WARN_UNUSED_FUNCTION = YES;
				GCC_WARN_UNUSED_VARIABLE = YES;
				IPHONEOS_DEPLOYMENT_TARGET = 10.2;
				MTL_ENABLE_DEBUG_INFO = NO;
				SDKROOT = iphoneos;
				TARGETED_DEVICE_FAMILY = "1,2";
				VALIDATE_PRODUCT = YES;
			};
			name = Release;
		};
		041F218C1EE6ED0D002CE54D /* Debug */ = {
			isa = XCBuildConfiguration;
			buildSettings = {
				ASSETCATALOG_COMPILER_APPICON_NAME = AppIcon;
				CLANG_ENABLE_MODULES = YES;
				DEVELOPMENT_TEAM = LCJ4B5EHS7;
				INFOPLIST_FILE = AlgorithmTest/Info.plist;
				IPHONEOS_DEPLOYMENT_TARGET = 12.0;
				LD_RUNPATH_SEARCH_PATHS = "$(inherited) @executable_path/Frameworks";
				PRODUCT_BUNDLE_IDENTIFIER = com.dcf.iqx.AlgorithmTest;
				PRODUCT_NAME = "$(TARGET_NAME)";
				SWIFT_OBJC_BRIDGING_HEADER = "AlgorithmTest/AlgorithmTest-Bridging-Header.h";
				SWIFT_OPTIMIZATION_LEVEL = "-Onone";
				SWIFT_VERSION = 3.0;
			};
			name = Debug;
		};
		041F218D1EE6ED0D002CE54D /* Release */ = {
			isa = XCBuildConfiguration;
			buildSettings = {
				ASSETCATALOG_COMPILER_APPICON_NAME = AppIcon;
				CLANG_ENABLE_MODULES = YES;
				DEVELOPMENT_TEAM = LCJ4B5EHS7;
				INFOPLIST_FILE = AlgorithmTest/Info.plist;
				IPHONEOS_DEPLOYMENT_TARGET = 12.0;
				LD_RUNPATH_SEARCH_PATHS = "$(inherited) @executable_path/Frameworks";
				PRODUCT_BUNDLE_IDENTIFIER = com.dcf.iqx.AlgorithmTest;
				PRODUCT_NAME = "$(TARGET_NAME)";
				SWIFT_OBJC_BRIDGING_HEADER = "AlgorithmTest/AlgorithmTest-Bridging-Header.h";
				SWIFT_VERSION = 3.0;
			};
			name = Release;
		};
		041F219C1EE80FD5002CE54D /* Debug */ = {
			isa = XCBuildConfiguration;
			buildSettings = {
				ALWAYS_EMBED_SWIFT_STANDARD_LIBRARIES = YES;
				BUNDLE_LOADER = "$(TEST_HOST)";
				DEVELOPMENT_TEAM = LCJ4B5EHS7;
				INFOPLIST_FILE = AlgorithmTests/Info.plist;
				LD_RUNPATH_SEARCH_PATHS = "$(inherited) @executable_path/Frameworks @loader_path/Frameworks";
				PRODUCT_BUNDLE_IDENTIFIER = com.dcf.iqx.AlgorithmTests;
				PRODUCT_NAME = "$(TARGET_NAME)";
				TEST_HOST = "$(BUILT_PRODUCTS_DIR)/AlgorithmTest.app/AlgorithmTest";
			};
			name = Debug;
		};
		041F219D1EE80FD5002CE54D /* Release */ = {
			isa = XCBuildConfiguration;
			buildSettings = {
				ALWAYS_EMBED_SWIFT_STANDARD_LIBRARIES = YES;
				BUNDLE_LOADER = "$(TEST_HOST)";
				DEVELOPMENT_TEAM = LCJ4B5EHS7;
				INFOPLIST_FILE = AlgorithmTests/Info.plist;
				LD_RUNPATH_SEARCH_PATHS = "$(inherited) @executable_path/Frameworks @loader_path/Frameworks";
				PRODUCT_BUNDLE_IDENTIFIER = com.dcf.iqx.AlgorithmTests;
				PRODUCT_NAME = "$(TARGET_NAME)";
				TEST_HOST = "$(BUILT_PRODUCTS_DIR)/AlgorithmTest.app/AlgorithmTest";
			};
			name = Release;
		};
/* End XCBuildConfiguration section */

/* Begin XCConfigurationList section */
		041F216F1EE6ED0C002CE54D /* Build configuration list for PBXProject "AlgorithmTest" */ = {
			isa = XCConfigurationList;
			buildConfigurations = (
				041F21891EE6ED0D002CE54D /* Debug */,
				041F218A1EE6ED0D002CE54D /* Release */,
			);
			defaultConfigurationIsVisible = 0;
			defaultConfigurationName = Release;
		};
		041F218B1EE6ED0D002CE54D /* Build configuration list for PBXNativeTarget "AlgorithmTest" */ = {
			isa = XCConfigurationList;
			buildConfigurations = (
				041F218C1EE6ED0D002CE54D /* Debug */,
				041F218D1EE6ED0D002CE54D /* Release */,
			);
			defaultConfigurationIsVisible = 0;
			defaultConfigurationName = Release;
		};
		041F219E1EE80FD5002CE54D /* Build configuration list for PBXNativeTarget "AlgorithmTests" */ = {
			isa = XCConfigurationList;
			buildConfigurations = (
				041F219C1EE80FD5002CE54D /* Debug */,
				041F219D1EE80FD5002CE54D /* Release */,
			);
			defaultConfigurationIsVisible = 0;
			defaultConfigurationName = Release;
		};
/* End XCConfigurationList section */
	};
	rootObject = 041F216C1EE6ED0C002CE54D /* Project object */;
}
